PODS:
  - Flutter (1.0.0)
  - radio_player (0.0.1):
    - Flutter

DEPENDENCIES:
  - Flutter (from `Flutter`)
  - radio_player (from `.symlinks/plugins/radio_player/ios`)

EXTERNAL SOURCES:
  Flutter:
    :path: Flutter
  radio_player:
    :path: ".symlinks/plugins/radio_player/ios"

SPEC CHECKSUMS:
  Flutter: f04841e97a9d0b0a8025694d0796dd46242b2854
  radio_player: f23691d16aafc0c21dab0b3006ac29f05a22398f

PODFILE CHECKSUM: ef19549a9bc3046e7bb7d2fab4d021637c0c58a3

COCOAPODS: 1.12.1
